{
  "nodes": {
    "emacs": {
      "locked": {
        "lastModified": 1595924565,
        "narHash": "sha256-Oyqjo/LC2T04vxi4zYk28s2ZZEs3SWtBqSN8PYK/elQ=",
        "owner": "nix-community",
        "repo": "emacs-overlay",
        "rev": "d51c059f9f71eb0918b231c52b7964084dd48f91",
        "type": "github"
      },
      "original": {
        "owner": "nix-community",
        "repo": "emacs-overlay",
        "type": "github"
      }
    },
    "home-manager": {
      "flake": false,
      "locked": {
        "lastModified": 1597790005,
        "narHash": "sha256-inbsm0szFg8/ADQPM031dlGc95xKrMlKd1G1DeMgxP8=",
        "owner": "rycee",
        "repo": "home-manager",
        "rev": "9854342b9f088712ca3c5b67059fff5ec4f59182",
        "type": "github"
      },
      "original": {
        "owner": "rycee",
        "repo": "home-manager",
        "type": "github"
      }
    },
    "nix-direnv": {
      "flake": false,
      "locked": {
        "lastModified": 1597573172,
        "narHash": "sha256-xMz6e0OLeB3eltGrLV3Hew0lMjH5LSgqJ1l7JT2Ho/M=",
        "owner": "nix-community",
        "repo": "nix-direnv",
        "rev": "300258e2bded28c284451f4fac8475b2240b46f6",
        "type": "github"
      },
      "original": {
        "owner": "nix-community",
        "repo": "nix-direnv",
        "type": "github"
      }
    },
    "nur": {
      "locked": {
        "lastModified": 1595823230,
        "narHash": "sha256-tIHJEzXxxmGZWFw78aMvmaHApiehOP52UICVTMjHSBA=",
        "owner": "nix-community",
        "repo": "NUR",
        "rev": "00556f74dd250370b9317539ac373009d1d62932",
        "type": "github"
      },
      "original": {
        "owner": "nix-community",
        "repo": "NUR",
        "type": "github"
      }
    },
    "root": {
      "inputs": {
        "emacs": "emacs",
        "home-manager": "home-manager",
        "nix-direnv": "nix-direnv",
        "nur": "nur",
        "stable": "stable",
        "unstable": "unstable"
      }
    },
    "stable": {
      "locked": {
        "lastModified": 1595891366,
        "narHash": "sha256-emx8s0LWUxxm4kh4zcacVP9NmCR5eT/JhzIXn111mAE=",
        "owner": "NixOS",
        "repo": "nixpkgs",
        "rev": "eeb91b03a5cef25c3931bdd4438f006a293adef9",
        "type": "github"
      },
      "original": {
        "owner": "NixOS",
        "ref": "nixos-20.03",
        "repo": "nixpkgs",
        "type": "github"
      }
    },
    "unstable": {
      "locked": {
        "lastModified": 1595770343,
        "narHash": "sha256-GTmeVtwj+ZvtPMYyliFspWRoLly1P25suz694NfD9d8=",
        "owner": "nixos",
        "repo": "nixpkgs",
        "rev": "28fce082c8ca1a8fb3dfac5c938829e51fb314c8",
        "type": "github"
      },
      "original": {
        "owner": "nixos",
        "ref": "nixos-unstable",
        "repo": "nixpkgs",
        "type": "github"
      }
    }
  },
  "root": "root",
  "version": 7
}
