{
  "nodes": {
    "home-manager": {
      "inputs": {
        "nixpkgs": "nixpkgs"
      },
      "locked": {
        "lastModified": 1591751635,
        "narHash": "sha256-KgGtyFlkI/fsp+j8VEgJ/ynY9B91aX35Xp04HlDLRTo=",
        "owner": "rycee",
        "repo": "home-manager",
        "rev": "b3fee796fcd5531693d9b84ece76ad6836bb1cfa",
        "type": "github"
      },
      "original": {
        "owner": "rycee",
        "ref": "bqv-flakes",
        "repo": "home-manager",
        "type": "github"
      }
    },
    "nixos-unstable": {
      "locked": {
        "lastModified": 1594457100,
        "narHash": "sha256-uu8T6sjftAu8meTa80sQeBzIAbWkQDUad/thnW86ikM=",
        "owner": "nixos",
        "repo": "nixpkgs",
        "rev": "c71518e75bf067fb639d44264fdd8cf80f53d75a",
        "type": "github"
      },
      "original": {
        "owner": "nixos",
        "ref": "nixos-unstable",
        "repo": "nixpkgs",
        "type": "github"
      }
    },
    "nixpkgs": {
      "locked": {
        "lastModified": 1591748508,
        "narHash": "sha256-GdYYaYsSBgYUhbDT1JJQ7vEgo8FWeW/AW7/qqJuCvRA=",
        "owner": "NixOS",
        "repo": "nixpkgs",
        "rev": "1d8c4410687390f9b8f92dbe6ff39fd8fc2b17c6",
        "type": "github"
      },
      "original": {
        "id": "nixpkgs",
        "type": "indirect"
      }
    },
    "nixpkgs_2": {
      "locked": {
        "lastModified": 1594947775,
        "narHash": "sha256-oEBx/WBkkCeONHjNHUdR3w5ZtvHEQEkU9gSiDQ+DeWM=",
        "owner": "NixOS",
        "repo": "nixpkgs",
        "rev": "aaa66d8d887c73f643246ac1a684fcb1521543b8",
        "type": "github"
      },
      "original": {
        "owner": "NixOS",
        "ref": "nixos-20.03",
        "repo": "nixpkgs",
        "type": "github"
      }
    },
    "root": {
      "inputs": {
        "home-manager": "home-manager",
        "nixos-unstable": "nixos-unstable",
        "nixpkgs": "nixpkgs_2"
      }
    }
  },
  "root": "root",
  "version": 7
}
