{
  "nodes": {
    "emacs": {
      "locked": {
        "lastModified": 1600806807,
        "narHash": "sha256-aEe+MFD0Dlx3ALLlyQ/sBdoPjiIdCoWJGcDZCKSrMX8=",
        "owner": "nix-community",
        "repo": "emacs-overlay",
        "rev": "ca5095edbd2fcbeba3300d618960b5a332c65a69",
        "type": "github"
      },
      "original": {
        "owner": "nix-community",
        "repo": "emacs-overlay",
        "type": "github"
      }
    },
    "home-manager": {
      "inputs": {
        "nixpkgs": [
          "stable"
        ]
      },
      "locked": {
        "lastModified": 1600023128,
        "narHash": "sha256-oSkMOe0rQ90bC5pfNSl85ren05cmk9Z9xrzrf5rVbr0=",
        "owner": "rycee",
        "repo": "home-manager",
        "rev": "472ca211cac604efdf621337067a237be9df389e",
        "type": "github"
      },
      "original": {
        "owner": "rycee",
        "repo": "home-manager",
        "type": "github"
      }
    },
    "nix-direnv": {
      "flake": false,
      "locked": {
        "lastModified": 1597573172,
        "narHash": "sha256-xMz6e0OLeB3eltGrLV3Hew0lMjH5LSgqJ1l7JT2Ho/M=",
        "owner": "nix-community",
        "repo": "nix-direnv",
        "rev": "300258e2bded28c284451f4fac8475b2240b46f6",
        "type": "github"
      },
      "original": {
        "owner": "nix-community",
        "repo": "nix-direnv",
        "type": "github"
      }
    },
    "nixos-hardware": {
      "locked": {
        "lastModified": 1598811325,
        "narHash": "sha256-NwZ/07R7BXejliKYpIY5N9fWwKlSi06VZfFcwevP0+U=",
        "owner": "NixOS",
        "repo": "nixos-hardware",
        "rev": "f2b06f530e0df77a32dcc2a154e59193c0e96fc3",
        "type": "github"
      },
      "original": {
        "owner": "NixOS",
        "repo": "nixos-hardware",
        "type": "github"
      }
    },
    "root": {
      "inputs": {
        "emacs": "emacs",
        "home-manager": "home-manager",
        "nix-direnv": "nix-direnv",
        "nixos-hardware": "nixos-hardware",
        "stable": "stable",
        "unstable": "unstable"
      }
    },
    "stable": {
      "locked": {
        "lastModified": 1599903709,
        "narHash": "sha256-tinVKY7zRdSXmVOp7BAulNtIb2iP5nvNp5UAxihKXNI=",
        "owner": "NixOS",
        "repo": "nixpkgs",
        "rev": "252bfe0107587d40092057f338e9ffcf7bbd90cb",
        "type": "github"
      },
      "original": {
        "owner": "NixOS",
        "ref": "nixos-20.03",
        "repo": "nixpkgs",
        "type": "github"
      }
    },
    "unstable": {
      "locked": {
        "lastModified": 1599510591,
        "narHash": "sha256-rx6LLVncYqChBVVNopRY7tn59aP4qPqNjsAxt2X6/L8=",
        "owner": "nixos",
        "repo": "nixpkgs",
        "rev": "61525137fd1002f6f2a5eb0ea27d480713362cd5",
        "type": "github"
      },
      "original": {
        "owner": "nixos",
        "ref": "nixos-unstable",
        "repo": "nixpkgs",
        "type": "github"
      }
    }
  },
  "root": "root",
  "version": 7
}
